// !$*UTF8*$!
{
	archiveVersion = 1;
	classes = {
	};
	objectVersion = 77;
	objects = {

/* Begin PBXBuildFile section */
		B1637DDF2D6776B300832628 /* .swiftlint.yml in Resources */ = {isa = PBXBuildFile; fileRef = B1637DDE2D6776B300832628 /* .swiftlint.yml */; };
		B191E1352D5E131F00BEDD9B /* AutoLayoutBuilder in Frameworks */ = {isa = PBXBuildFile; productRef = B191E1342D5E131F00BEDD9B /* AutoLayoutBuilder */; };
		B1A9842D2D3926730018B6F0 /* VoximplantKitChatUI in Frameworks */ = {isa = PBXBuildFile; productRef = B1A9842C2D3926730018B6F0 /* VoximplantKitChatUI */; };
		F2C69C212D8B223000F3270A /* LICENSE in Resources */ = {isa = PBXBuildFile; fileRef = F2C69C182D8B223000F3270A /* LICENSE */; };
		F2C69C222D8B223000F3270A /* NOTICE in Resources */ = {isa = PBXBuildFile; fileRef = F2C69C192D8B223000F3270A /* NOTICE */; };
		F2C69C602D8B25B200F3270A /* README.md in Resources */ = {isa = PBXBuildFile; fileRef = F2C69C5F2D8B25AA00F3270A /* README.md */; };
/* End PBXBuildFile section */

/* Begin PBXFileReference section */
		B1637DDE2D6776B300832628 /* .swiftlint.yml */ = {isa = PBXFileReference; lastKnownFileType = text.yaml; path = .swiftlint.yml; sourceTree = "<group>"; };
		B2F076952D12E9930099F7CD /* KitChatDemo-UIKit-.app */ = {isa = PBXFileReference; explicitFileType = wrapper.application; includeInIndex = 0; path = "KitChatDemo-UIKit-.app"; sourceTree = BUILT_PRODUCTS_DIR; };
		F2C69C182D8B223000F3270A /* LICENSE */ = {isa = PBXFileReference; lastKnownFileType = text; path = LICENSE; sourceTree = "<group>"; };
		F2C69C192D8B223000F3270A /* NOTICE */ = {isa = PBXFileReference; lastKnownFileType = text; path = NOTICE; sourceTree = "<group>"; };
		F2C69C5F2D8B25AA00F3270A /* README.md */ = {isa = PBXFileReference; lastKnownFileType = net.daringfireball.markdown; path = README.md; sourceTree = "<group>"; };
/* End PBXFileReference section */

/* Begin PBXFileSystemSynchronizedBuildFileExceptionSet section */
		B2F0770D2D12ED2D0099F7CD /* Exceptions for "KitChatDemo(UIKit)" folder in "KitChatDemo(UIKit)" target */ = {
			isa = PBXFileSystemSynchronizedBuildFileExceptionSet;
			membershipExceptions = (
				Info.plist,
			);
			target = B2F076942D12E9930099F7CD /* KitChatDemo(UIKit) */;
		};
/* End PBXFileSystemSynchronizedBuildFileExceptionSet section */

/* Begin PBXFileSystemSynchronizedRootGroup section */
		B2F077032D12ED2D0099F7CD /* KitChatDemo(UIKit) */ = {
			isa = PBXFileSystemSynchronizedRootGroup;
			exceptions = (
				B2F0770D2D12ED2D0099F7CD /* Exceptions for "KitChatDemo(UIKit)" folder in "KitChatDemo(UIKit)" target */,
			);
			path = "KitChatDemo(UIKit)";
			sourceTree = "<group>";
		};
/* End PBXFileSystemSynchronizedRootGroup section */

/* Begin PBXFrameworksBuildPhase section */
		B2F076922D12E9930099F7CD /* Frameworks */ = {
			isa = PBXFrameworksBuildPhase;
			buildActionMask = 2147483647;
			files = (
				B1A9842D2D3926730018B6F0 /* VoximplantKitChatUI in Frameworks */,
				B191E1352D5E131F00BEDD9B /* AutoLayoutBuilder in Frameworks */,
			);
			runOnlyForDeploymentPostprocessing = 0;
		};
/* End PBXFrameworksBuildPhase section */

/* Begin PBXGroup section */
		B2BF020B2D10474C00E8FB6D = {
			isa = PBXGroup;
			children = (
				F2C69C5F2D8B25AA00F3270A /* README.md */,
				B1637DDE2D6776B300832628 /* .swiftlint.yml */,
				F2C69C182D8B223000F3270A /* LICENSE */,
				F2C69C192D8B223000F3270A /* NOTICE */,
				B2F077032D12ED2D0099F7CD /* KitChatDemo(UIKit) */,
				B2F076AA2D12EB010099F7CD /* Frameworks */,
				B2BF02152D10474C00E8FB6D /* Products */,
			);
			sourceTree = "<group>";
		};
		B2BF02152D10474C00E8FB6D /* Products */ = {
			isa = PBXGroup;
			children = (
				B2F076952D12E9930099F7CD /* KitChatDemo-UIKit-.app */,
			);
			name = Products;
			sourceTree = "<group>";
		};
		B2F076AA2D12EB010099F7CD /* Frameworks */ = {
			isa = PBXGroup;
			children = (
			);
			name = Frameworks;
			sourceTree = "<group>";
		};
/* End PBXGroup section */

/* Begin PBXNativeTarget section */
		B2F076942D12E9930099F7CD /* KitChatDemo(UIKit) */ = {
			isa = PBXNativeTarget;
			buildConfigurationList = B2F076A72D12E9950099F7CD /* Build configuration list for PBXNativeTarget "KitChatDemo(UIKit)" */;
			buildPhases = (
				B2F076912D12E9930099F7CD /* Sources */,
				B2F076922D12E9930099F7CD /* Frameworks */,
				B2F076932D12E9930099F7CD /* Resources */,
			);
			buildRules = (
			);
			dependencies = (
				B1637DE52D67782500832628 /* PBXTargetDependency */,
			);
			fileSystemSynchronizedGroups = (
				B2F077032D12ED2D0099F7CD /* KitChatDemo(UIKit) */,
			);
			name = "KitChatDemo(UIKit)";
			packageProductDependencies = (
				B1A9842C2D3926730018B6F0 /* VoximplantKitChatUI */,
				B191E1342D5E131F00BEDD9B /* AutoLayoutBuilder */,
			);
			productName = "KitChatDemo(UIKit)";
			productReference = B2F076952D12E9930099F7CD /* KitChatDemo-UIKit-.app */;
			productType = "com.apple.product-type.application";
		};
/* End PBXNativeTarget section */

/* Begin PBXProject section */
		B2BF020C2D10474C00E8FB6D /* Project object */ = {
			isa = PBXProject;
			attributes = {
				BuildIndependentTargetsInParallel = 1;
				LastSwiftUpdateCheck = 1600;
				LastUpgradeCheck = 1600;
				TargetAttributes = {
					B2F076942D12E9930099F7CD = {
						CreatedOnToolsVersion = 16.0;
					};
				};
			};
			buildConfigurationList = B2BF020F2D10474C00E8FB6D /* Build configuration list for PBXProject "KitChatDemo" */;
			developmentRegion = en;
			hasScannedForEncodings = 0;
			knownRegions = (
				en,
				Base,
				ru,
				pt,
				es,
			);
			mainGroup = B2BF020B2D10474C00E8FB6D;
			minimizedProjectReferenceProxies = 1;
			packageReferences = (
				B1A9842B2D3926730018B6F0 /* XCRemoteSwiftPackageReference "ios-kit-chat-ui-sdk-releases" */,
				B191E1332D5E131F00BEDD9B /* XCRemoteSwiftPackageReference "AutoLayoutBuilder" */,
				B1637DE32D67781D00832628 /* XCRemoteSwiftPackageReference "SwiftLintPlugins" */,
			);
			preferredProjectObjectVersion = 77;
			productRefGroup = B2BF02152D10474C00E8FB6D /* Products */;
			projectDirPath = "";
			projectRoot = "";
			targets = (
				B2F076942D12E9930099F7CD /* KitChatDemo(UIKit) */,
			);
		};
/* End PBXProject section */

/* Begin PBXResourcesBuildPhase section */
		B2F076932D12E9930099F7CD /* Resources */ = {
			isa = PBXResourcesBuildPhase;
			buildActionMask = 2147483647;
			files = (
				B1637DDF2D6776B300832628 /* .swiftlint.yml in Resources */,
				F2C69C212D8B223000F3270A /* LICENSE in Resources */,
				F2C69C602D8B25B200F3270A /* README.md in Resources */,
				F2C69C222D8B223000F3270A /* NOTICE in Resources */,
			);
			runOnlyForDeploymentPostprocessing = 0;
		};
/* End PBXResourcesBuildPhase section */

/* Begin PBXSourcesBuildPhase section */
		B2F076912D12E9930099F7CD /* Sources */ = {
			isa = PBXSourcesBuildPhase;
			buildActionMask = 2147483647;
			files = (
			);
			runOnlyForDeploymentPostprocessing = 0;
		};
/* End PBXSourcesBuildPhase section */

/* Begin PBXTargetDependency section */
		B1637DE52D67782500832628 /* PBXTargetDependency */ = {
			isa = PBXTargetDependency;
			productRef = B1637DE42D67782500832628 /* SwiftLintBuildToolPlugin */;
		};
/* End PBXTargetDependency section */

/* Begin XCBuildConfiguration section */
		B2BF02202D10475100E8FB6D /* Debug */ = {
			isa = XCBuildConfiguration;
			buildSettings = {
				ALWAYS_SEARCH_USER_PATHS = NO;
				ASSETCATALOG_COMPILER_GENERATE_SWIFT_ASSET_SYMBOL_EXTENSIONS = YES;
				CLANG_ANALYZER_NONNULL = YES;
				CLANG_ANALYZER_NUMBER_OBJECT_CONVERSION = YES_AGGRESSIVE;
				CLANG_CXX_LANGUAGE_STANDARD = "gnu++20";
				CLANG_ENABLE_MODULES = YES;
				CLANG_ENABLE_OBJC_ARC = YES;
				CLANG_ENABLE_OBJC_WEAK = YES;
				CLANG_WARN_BLOCK_CAPTURE_AUTORELEASING = YES;
				CLANG_WARN_BOOL_CONVERSION = YES;
				CLANG_WARN_COMMA = YES;
				CLANG_WARN_CONSTANT_CONVERSION = YES;
				CLANG_WARN_DEPRECATED_OBJC_IMPLEMENTATIONS = YES;
				CLANG_WARN_DIRECT_OBJC_ISA_USAGE = YES_ERROR;
				CLANG_WARN_DOCUMENTATION_COMMENTS = YES;
				CLANG_WARN_EMPTY_BODY = YES;
				CLANG_WARN_ENUM_CONVERSION = YES;
				CLANG_WARN_INFINITE_RECURSION = YES;
				CLANG_WARN_INT_CONVERSION = YES;
				CLANG_WARN_NON_LITERAL_NULL_CONVERSION = YES;
				CLANG_WARN_OBJC_IMPLICIT_RETAIN_SELF = YES;
				CLANG_WARN_OBJC_LITERAL_CONVERSION = YES;
				CLANG_WARN_OBJC_ROOT_CLASS = YES_ERROR;
				CLANG_WARN_QUOTED_INCLUDE_IN_FRAMEWORK_HEADER = YES;
				CLANG_WARN_RANGE_LOOP_ANALYSIS = YES;
				CLANG_WARN_STRICT_PROTOTYPES = YES;
				CLANG_WARN_SUSPICIOUS_MOVE = YES;
				CLANG_WARN_UNGUARDED_AVAILABILITY = YES_AGGRESSIVE;
				CLANG_WARN_UNREACHABLE_CODE = YES;
				CLANG_WARN__DUPLICATE_METHOD_MATCH = YES;
				COPY_PHASE_STRIP = NO;
				DEBUG_INFORMATION_FORMAT = dwarf;
				ENABLE_STRICT_OBJC_MSGSEND = YES;
				ENABLE_TESTABILITY = YES;
				ENABLE_USER_SCRIPT_SANDBOXING = YES;
				GCC_C_LANGUAGE_STANDARD = gnu17;
				GCC_DYNAMIC_NO_PIC = NO;
				GCC_NO_COMMON_BLOCKS = YES;
				GCC_OPTIMIZATION_LEVEL = 0;
				GCC_PREPROCESSOR_DEFINITIONS = (
					"DEBUG=1",
					"$(inherited)",
				);
				GCC_WARN_64_TO_32_BIT_CONVERSION = YES;
				GCC_WARN_ABOUT_RETURN_TYPE = YES_ERROR;
				GCC_WARN_UNDECLARED_SELECTOR = YES;
				GCC_WARN_UNINITIALIZED_AUTOS = YES_AGGRESSIVE;
				GCC_WARN_UNUSED_FUNCTION = YES;
				GCC_WARN_UNUSED_VARIABLE = YES;
				IPHONEOS_DEPLOYMENT_TARGET = 16.6;
				LOCALIZATION_PREFERS_STRING_CATALOGS = YES;
				MTL_ENABLE_DEBUG_INFO = INCLUDE_SOURCE;
				MTL_FAST_MATH = YES;
				ONLY_ACTIVE_ARCH = YES;
				SDKROOT = iphoneos;
				SWIFT_ACTIVE_COMPILATION_CONDITIONS = "DEBUG $(inherited)";
				SWIFT_EMIT_LOC_STRINGS = YES;
				SWIFT_OPTIMIZATION_LEVEL = "-Onone";
			};
			name = Debug;
		};
		B2BF02212D10475100E8FB6D /* Release */ = {
			isa = XCBuildConfiguration;
			buildSettings = {
				ALWAYS_SEARCH_USER_PATHS = NO;
				ASSETCATALOG_COMPILER_GENERATE_SWIFT_ASSET_SYMBOL_EXTENSIONS = YES;
				CLANG_ANALYZER_NONNULL = YES;
				CLANG_ANALYZER_NUMBER_OBJECT_CONVERSION = YES_AGGRESSIVE;
				CLANG_CXX_LANGUAGE_STANDARD = "gnu++20";
				CLANG_ENABLE_MODULES = YES;
				CLANG_ENABLE_OBJC_ARC = YES;
				CLANG_ENABLE_OBJC_WEAK = YES;
				CLANG_WARN_BLOCK_CAPTURE_AUTORELEASING = YES;
				CLANG_WARN_BOOL_CONVERSION = YES;
				CLANG_WARN_COMMA = YES;
				CLANG_WARN_CONSTANT_CONVERSION = YES;
				CLANG_WARN_DEPRECATED_OBJC_IMPLEMENTATIONS = YES;
				CLANG_WARN_DIRECT_OBJC_ISA_USAGE = YES_ERROR;
				CLANG_WARN_DOCUMENTATION_COMMENTS = YES;
				CLANG_WARN_EMPTY_BODY = YES;
				CLANG_WARN_ENUM_CONVERSION = YES;
				CLANG_WARN_INFINITE_RECURSION = YES;
				CLANG_WARN_INT_CONVERSION = YES;
				CLANG_WARN_NON_LITERAL_NULL_CONVERSION = YES;
				CLANG_WARN_OBJC_IMPLICIT_RETAIN_SELF = YES;
				CLANG_WARN_OBJC_LITERAL_CONVERSION = YES;
				CLANG_WARN_OBJC_ROOT_CLASS = YES_ERROR;
				CLANG_WARN_QUOTED_INCLUDE_IN_FRAMEWORK_HEADER = YES;
				CLANG_WARN_RANGE_LOOP_ANALYSIS = YES;
				CLANG_WARN_STRICT_PROTOTYPES = YES;
				CLANG_WARN_SUSPICIOUS_MOVE = YES;
				CLANG_WARN_UNGUARDED_AVAILABILITY = YES_AGGRESSIVE;
				CLANG_WARN_UNREACHABLE_CODE = YES;
				CLANG_WARN__DUPLICATE_METHOD_MATCH = YES;
				COPY_PHASE_STRIP = NO;
				DEBUG_INFORMATION_FORMAT = "dwarf-with-dsym";
				ENABLE_NS_ASSERTIONS = NO;
				ENABLE_STRICT_OBJC_MSGSEND = YES;
				ENABLE_USER_SCRIPT_SANDBOXING = YES;
				GCC_C_LANGUAGE_STANDARD = gnu17;
				GCC_NO_COMMON_BLOCKS = YES;
				GCC_WARN_64_TO_32_BIT_CONVERSION = YES;
				GCC_WARN_ABOUT_RETURN_TYPE = YES_ERROR;
				GCC_WARN_UNDECLARED_SELECTOR = YES;
				GCC_WARN_UNINITIALIZED_AUTOS = YES_AGGRESSIVE;
				GCC_WARN_UNUSED_FUNCTION = YES;
				GCC_WARN_UNUSED_VARIABLE = YES;
				IPHONEOS_DEPLOYMENT_TARGET = 16.6;
				LOCALIZATION_PREFERS_STRING_CATALOGS = YES;
				MTL_ENABLE_DEBUG_INFO = NO;
				MTL_FAST_MATH = YES;
				SDKROOT = iphoneos;
				SWIFT_COMPILATION_MODE = wholemodule;
				SWIFT_EMIT_LOC_STRINGS = YES;
				VALIDATE_PRODUCT = YES;
			};
			name = Release;
		};
		B2F076A82D12E9950099F7CD /* Debug */ = {
			isa = XCBuildConfiguration;
			buildSettings = {
				ASSETCATALOG_COMPILER_APPICON_NAME = AppIcon;
				ASSETCATALOG_COMPILER_GLOBAL_ACCENT_COLOR_NAME = AccentColor;
				CODE_SIGN_ENTITLEMENTS = "KitChatDemo(UIKit)/KitChatDemo(UIKit).entitlements";
				CODE_SIGN_IDENTITY = "Apple Development";
				CODE_SIGN_STYLE = Automatic;
				CURRENT_PROJECT_VERSION = 1;
				DEVELOPMENT_TEAM = W9BHJBL635;
				GENERATE_INFOPLIST_FILE = YES;
				INFOPLIST_FILE = "KitChatDemo(UIKit)/Info.plist";
				INFOPLIST_KEY_CFBundleDisplayName = "Kit Chat Demo";
				INFOPLIST_KEY_LSApplicationCategoryType = "public.app-category.social-networking";
				INFOPLIST_KEY_NSCameraUsageDescription = "Allow for taking photo";
				INFOPLIST_KEY_NSPhotoLibraryAddUsageDescription = "Allow to save images to camera roll";
				INFOPLIST_KEY_UIApplicationSupportsIndirectInputEvents = YES;
				INFOPLIST_KEY_UILaunchStoryboardName = LaunchScreen;
				INFOPLIST_KEY_UIRequiresFullScreen = YES;
				INFOPLIST_KEY_UISupportedInterfaceOrientations = UIInterfaceOrientationPortrait;
				INFOPLIST_KEY_UIUserInterfaceStyle = Light;
				IPHONEOS_DEPLOYMENT_TARGET = 15.0;
				LD_RUNPATH_SEARCH_PATHS = (
					"$(inherited)",
					"@executable_path/Frameworks",
				);
				MARKETING_VERSION = 1.2.0;
				PRODUCT_BUNDLE_IDENTIFIER = "com.voximplant.KitChatUIDemo-UIKit";
				PRODUCT_NAME = "KitChatDemo-UIKit-";
				PROVISIONING_PROFILE_SPECIFIER = "";
				SUPPORTED_PLATFORMS = "iphoneos iphonesimulator";
				SUPPORTS_MACCATALYST = NO;
				SUPPORTS_MAC_DESIGNED_FOR_IPHONE_IPAD = NO;
				SUPPORTS_XR_DESIGNED_FOR_IPHONE_IPAD = NO;
				SWIFT_EMIT_LOC_STRINGS = YES;
				SWIFT_VERSION = 5.0;
				TARGETED_DEVICE_FAMILY = "1,2";
			};
			name = Debug;
		};
		B2F076A92D12E9950099F7CD /* Release */ = {
			isa = XCBuildConfiguration;
			buildSettings = {
				ASSETCATALOG_COMPILER_APPICON_NAME = AppIcon;
				ASSETCATALOG_COMPILER_GLOBAL_ACCENT_COLOR_NAME = AccentColor;
				CODE_SIGN_ENTITLEMENTS = "KitChatDemo(UIKit)/KitChatDemo(UIKit).entitlements";
				CODE_SIGN_IDENTITY = "Apple Development";
				CODE_SIGN_STYLE = Automatic;
				CURRENT_PROJECT_VERSION = 1;
				DEVELOPMENT_TEAM = W9BHJBL635;
				GENERATE_INFOPLIST_FILE = YES;
				INFOPLIST_FILE = "KitChatDemo(UIKit)/Info.plist";
				INFOPLIST_KEY_CFBundleDisplayName = "Kit Chat Demo";
				INFOPLIST_KEY_LSApplicationCategoryType = "public.app-category.social-networking";
				INFOPLIST_KEY_NSCameraUsageDescription = "Allow for taking photo";
				INFOPLIST_KEY_NSPhotoLibraryAddUsageDescription = "Allow to save images to camera roll";
				INFOPLIST_KEY_UIApplicationSupportsIndirectInputEvents = YES;
				INFOPLIST_KEY_UILaunchStoryboardName = LaunchScreen;
				INFOPLIST_KEY_UIRequiresFullScreen = YES;
				INFOPLIST_KEY_UISupportedInterfaceOrientations = UIInterfaceOrientationPortrait;
				INFOPLIST_KEY_UIUserInterfaceStyle = Light;
				IPHONEOS_DEPLOYMENT_TARGET = 15.0;
				LD_RUNPATH_SEARCH_PATHS = (
					"$(inherited)",
					"@executable_path/Frameworks",
				);
				MARKETING_VERSION = 1.2.0;
				PRODUCT_BUNDLE_IDENTIFIER = "com.voximplant.KitChatUIDemo-UIKit";
				PRODUCT_NAME = "KitChatDemo-UIKit-";
				PROVISIONING_PROFILE_SPECIFIER = "";
				SUPPORTED_PLATFORMS = "iphoneos iphonesimulator";
				SUPPORTS_MACCATALYST = NO;
				SUPPORTS_MAC_DESIGNED_FOR_IPHONE_IPAD = NO;
				SUPPORTS_XR_DESIGNED_FOR_IPHONE_IPAD = NO;
				SWIFT_EMIT_LOC_STRINGS = YES;
				SWIFT_VERSION = 5.0;
				TARGETED_DEVICE_FAMILY = "1,2";
			};
			name = Release;
		};
/* End XCBuildConfiguration section */

/* Begin XCConfigurationList section */
		B2BF020F2D10474C00E8FB6D /* Build configuration list for PBXProject "KitChatDemo" */ = {
			isa = XCConfigurationList;
			buildConfigurations = (
				B2BF02202D10475100E8FB6D /* Debug */,
				B2BF02212D10475100E8FB6D /* Release */,
			);
			defaultConfigurationIsVisible = 0;
			defaultConfigurationName = Release;
		};
		B2F076A72D12E9950099F7CD /* Build configuration list for PBXNativeTarget "KitChatDemo(UIKit)" */ = {
			isa = XCConfigurationList;
			buildConfigurations = (
				B2F076A82D12E9950099F7CD /* Debug */,
				B2F076A92D12E9950099F7CD /* Release */,
			);
			defaultConfigurationIsVisible = 0;
			defaultConfigurationName = Release;
		};
/* End XCConfigurationList section */

/* Begin XCRemoteSwiftPackageReference section */
		B1637DE32D67781D00832628 /* XCRemoteSwiftPackageReference "SwiftLintPlugins" */ = {
			isa = XCRemoteSwiftPackageReference;
			repositoryURL = "https://github.com/SimplyDanny/SwiftLintPlugins";
			requirement = {
				kind = exactVersion;
				version = 0.58.2;
			};
		};
		B191E1332D5E131F00BEDD9B /* XCRemoteSwiftPackageReference "AutoLayoutBuilder" */ = {
			isa = XCRemoteSwiftPackageReference;
			repositoryURL = "https://github.com/cjnevin/AutoLayoutBuilder.git";
			requirement = {
				branch = main;
				kind = branch;
			};
		};
		B1A9842B2D3926730018B6F0 /* XCRemoteSwiftPackageReference "ios-kit-chat-ui-sdk-releases" */ = {
			isa = XCRemoteSwiftPackageReference;
			repositoryURL = "https://github.com/voximplant/ios-kit-chat-ui-sdk-releases.git";
			requirement = {
				kind = exactVersion;
				version = 1.3.0;
			};
		};
/* End XCRemoteSwiftPackageReference section */

/* Begin XCSwiftPackageProductDependency section */
		B1637DE42D67782500832628 /* SwiftLintBuildToolPlugin */ = {
			isa = XCSwiftPackageProductDependency;
			package = B1637DE32D67781D00832628 /* XCRemoteSwiftPackageReference "SwiftLintPlugins" */;
			productName = "plugin:SwiftLintBuildToolPlugin";
		};
		B191E1342D5E131F00BEDD9B /* AutoLayoutBuilder */ = {
			isa = XCSwiftPackageProductDependency;
			package = B191E1332D5E131F00BEDD9B /* XCRemoteSwiftPackageReference "AutoLayoutBuilder" */;
			productName = AutoLayoutBuilder;
		};
		B1A9842C2D3926730018B6F0 /* VoximplantKitChatUI */ = {
			isa = XCSwiftPackageProductDependency;
			package = B1A9842B2D3926730018B6F0 /* XCRemoteSwiftPackageReference "ios-kit-chat-ui-sdk-releases" */;
			productName = VoximplantKitChatUI;
		};
/* End XCSwiftPackageProductDependency section */
	};
	rootObject = B2BF020C2D10474C00E8FB6D /* Project object */;
}
